
Microsoft Visual Studio Solution File, Format Version 12.00
# Visual Studio 15
VisualStudioVersion = 15.0.28307.106
MinimumVisualStudioVersion = 10.0.40219.1
Project("{FAE04EC0-301F-11D3-BF4B-00C04F79EFBC}") = "logowanie", "logowanie\logowanie.csproj", "{6DE90049-D16E-413A-8673-1ECB90D4E9C6}"
EndProject
Global
	GlobalSection(SolutionConfigurationPlatforms) = preSolution
		Debug|Any CPU = Debug|Any CPU
		Release|Any CPU = Release|Any CPU
	EndGlobalSection
	GlobalSection(ProjectConfigurationPlatforms) = postSolution
		{6DE90049-D16E-413A-8673-1ECB90D4E9C6}.Debug|Any CPU.ActiveCfg = Debug|Any CPU
		{6DE90049-D16E-413A-8673-1ECB90D4E9C6}.Debug|Any CPU.Build.0 = Debug|Any CPU
		{6DE90049-D16E-413A-8673-1ECB90D4E9C6}.Release|Any CPU.ActiveCfg = Release|Any CPU
		{6DE90049-D16E-413A-8673-1ECB90D4E9C6}.Release|Any CPU.Build.0 = Release|Any CPU
	EndGlobalSection
	GlobalSection(SolutionProperties) = preSolution
		HideSolutionNode = FALSE
	EndGlobalSection
	GlobalSection(ExtensibilityGlobals) = postSolution
		SolutionGuid = {D355B331-ED34-457D-BB85-765F3F42897A}
	EndGlobalSection
EndGlobal
